
Microsoft Visual Studio Solution File, Format Version 12.00
# Visual Studio Version 17
VisualStudioVersion = 17.8.34309.116
MinimumVisualStudioVersion = 10.0.40219.1
Project("{9A19103F-16F7-4668-BE54-9A1E7A4F7556}") = "PolygonsClippingApp", "PolygonsClippingApp\PolygonsClippingApp.csproj", "{D4E5FB25-A800-458A-A21E-BF8514E25AFC}"
EndProject
Project("{9A19103F-16F7-4668-BE54-9A1E7A4F7556}") = "GeometryAlgorithms", "GeometryAlgorithms\GeometryAlgorithms.csproj", "{22A6A933-C09B-484D-B6C5-468AB640BC88}"
EndProject
Project("{FAE04EC0-301F-11D3-BF4B-00C04F79EFBC}") = "FileManagement", "FileManagement\FileManagement.csproj", "{80445A92-AC6A-4950-8909-D22279ABEBDE}"
EndProject
Global
	GlobalSection(SolutionConfigurationPlatforms) = preSolution
		Debug|Any CPU = Debug|Any CPU
		Release|Any CPU = Release|Any CPU
	EndGlobalSection
	GlobalSection(ProjectConfigurationPlatforms) = postSolution
		{D4E5FB25-A800-458A-A21E-BF8514E25AFC}.Debug|Any CPU.ActiveCfg = Debug|Any CPU
		{D4E5FB25-A800-458A-A21E-BF8514E25AFC}.Debug|Any CPU.Build.0 = Debug|Any CPU
		{D4E5FB25-A800-458A-A21E-BF8514E25AFC}.Release|Any CPU.ActiveCfg = Release|Any CPU
		{D4E5FB25-A800-458A-A21E-BF8514E25AFC}.Release|Any CPU.Build.0 = Release|Any CPU
		{22A6A933-C09B-484D-B6C5-468AB640BC88}.Debug|Any CPU.ActiveCfg = Debug|Any CPU
		{22A6A933-C09B-484D-B6C5-468AB640BC88}.Debug|Any CPU.Build.0 = Debug|Any CPU
		{22A6A933-C09B-484D-B6C5-468AB640BC88}.Release|Any CPU.ActiveCfg = Release|Any CPU
		{22A6A933-C09B-484D-B6C5-468AB640BC88}.Release|Any CPU.Build.0 = Release|Any CPU
		{80445A92-AC6A-4950-8909-D22279ABEBDE}.Debug|Any CPU.ActiveCfg = Debug|Any CPU
		{80445A92-AC6A-4950-8909-D22279ABEBDE}.Debug|Any CPU.Build.0 = Debug|Any CPU
		{80445A92-AC6A-4950-8909-D22279ABEBDE}.Release|Any CPU.ActiveCfg = Release|Any CPU
		{80445A92-AC6A-4950-8909-D22279ABEBDE}.Release|Any CPU.Build.0 = Release|Any CPU
	EndGlobalSection
	GlobalSection(SolutionProperties) = preSolution
		HideSolutionNode = FALSE
	EndGlobalSection
	GlobalSection(ExtensibilityGlobals) = postSolution
		SolutionGuid = {506CFEF4-E253-43E2-894F-2DB78393EFCA}
	EndGlobalSection
EndGlobal
